# THIS IS AN AUTOGENERATED FILE. DO NOT EDIT THIS FILE DIRECTLY.
# yarn lockfile v1


ws@^8.13.0:
  version "8.19.0"
  resolved "https://registry.yarnpkg.com/ws/-/ws-8.19.0.tgz#ddc2bdfa5b9ad860204f5a72a4863a8895fd8c8b"
  integrity sha512-blAT2mjOEIi0ZzruJfIhb3nps74PRWTCz1IjglWEEpQl5XS/UNama6u2/rjFkDDouqr4L67ry+1aGIALViWjDg==
